
Microsoft Visual Studio Solution File, Format Version 12.00
# Visual Studio 15
VisualStudioVersion = 15.0.27130.2010
MinimumVisualStudioVersion = 10.0.40219.1
Project("{FAE04EC0-301F-11D3-BF4B-00C04F79EFBC}") = "GeoJson.Core", "src\GeoJson.Core\GeoJson.Core.csproj", "{9F081ACD-0A46-466A-951F-AEC7DF27E80F}"
EndProject
Project("{FAE04EC0-301F-11D3-BF4B-00C04F79EFBC}") = "GeoJson.UI", "src\GeoJson.UI\GeoJson.UI.csproj", "{FAAFAF0B-36C8-4390-AE6D-4126FDED5DB5}"
EndProject
Project("{FAE04EC0-301F-11D3-BF4B-00C04F79EFBC}") = "GeoJson.Droid", "src\GeoJson.Droid\GeoJson.Droid.csproj", "{67AE7803-8273-4B3A-A298-593B02BE0CEB}"
EndProject
Project("{FAE04EC0-301F-11D3-BF4B-00C04F79EFBC}") = "GeoJson.iOS", "src\GeoJson.iOS\GeoJson.iOS.csproj", "{DDCAD7BF-F176-46F9-AFC8-D3CC1B1A4D9D}"
EndProject
Project("{2150E333-8FDC-42A3-9474-1A3956D46DE8}") = "!Solution Items", "!Solution Items", "{5E1C5F59-B96E-45ED-91E1-ADA50D7DE61C}"
	ProjectSection(SolutionItems) = preProject
		.editorconfig = .editorconfig
	EndProjectSection
EndProject
Global
	GlobalSection(SolutionConfigurationPlatforms) = preSolution
		Debug|Any CPU = Debug|Any CPU
		Debug|ARM = Debug|ARM
		Debug|iPhone = Debug|iPhone
		Debug|iPhoneSimulator = Debug|iPhoneSimulator
		Debug|x64 = Debug|x64
		Debug|x86 = Debug|x86
		Release|Any CPU = Release|Any CPU
		Release|ARM = Release|ARM
		Release|iPhone = Release|iPhone
		Release|iPhoneSimulator = Release|iPhoneSimulator
		Release|x64 = Release|x64
		Release|x86 = Release|x86
	EndGlobalSection
	GlobalSection(ProjectConfigurationPlatforms) = postSolution
		{9F081ACD-0A46-466A-951F-AEC7DF27E80F}.Debug|Any CPU.ActiveCfg = Debug|Any CPU
		{9F081ACD-0A46-466A-951F-AEC7DF27E80F}.Debug|Any CPU.Build.0 = Debug|Any CPU
		{9F081ACD-0A46-466A-951F-AEC7DF27E80F}.Debug|ARM.ActiveCfg = Debug|Any CPU
		{9F081ACD-0A46-466A-951F-AEC7DF27E80F}.Debug|ARM.Build.0 = Debug|Any CPU
		{9F081ACD-0A46-466A-951F-AEC7DF27E80F}.Debug|iPhone.ActiveCfg = Debug|Any CPU
		{9F081ACD-0A46-466A-951F-AEC7DF27E80F}.Debug|iPhone.Build.0 = Debug|Any CPU
		{9F081ACD-0A46-466A-951F-AEC7DF27E80F}.Debug|iPhoneSimulator.ActiveCfg = Debug|Any CPU
		{9F081ACD-0A46-466A-951F-AEC7DF27E80F}.Debug|iPhoneSimulator.Build.0 = Debug|Any CPU
		{9F081ACD-0A46-466A-951F-AEC7DF27E80F}.Debug|x64.ActiveCfg = Debug|Any CPU
		{9F081ACD-0A46-466A-951F-AEC7DF27E80F}.Debug|x64.Build.0 = Debug|Any CPU
		{9F081ACD-0A46-466A-951F-AEC7DF27E80F}.Debug|x86.ActiveCfg = Debug|Any CPU
		{9F081ACD-0A46-466A-951F-AEC7DF27E80F}.Debug|x86.Build.0 = Debug|Any CPU
		{9F081ACD-0A46-466A-951F-AEC7DF27E80F}.Release|Any CPU.ActiveCfg = Release|Any CPU
		{9F081ACD-0A46-466A-951F-AEC7DF27E80F}.Release|Any CPU.Build.0 = Release|Any CPU
		{9F081ACD-0A46-466A-951F-AEC7DF27E80F}.Release|ARM.ActiveCfg = Release|Any CPU
		{9F081ACD-0A46-466A-951F-AEC7DF27E80F}.Release|ARM.Build.0 = Release|Any CPU
		{9F081ACD-0A46-466A-951F-AEC7DF27E80F}.Release|iPhone.ActiveCfg = Release|Any CPU
		{9F081ACD-0A46-466A-951F-AEC7DF27E80F}.Release|iPhone.Build.0 = Release|Any CPU
		{9F081ACD-0A46-466A-951F-AEC7DF27E80F}.Release|iPhoneSimulator.ActiveCfg = Release|Any CPU
		{9F081ACD-0A46-466A-951F-AEC7DF27E80F}.Release|iPhoneSimulator.Build.0 = Release|Any CPU
		{9F081ACD-0A46-466A-951F-AEC7DF27E80F}.Release|x64.ActiveCfg = Release|Any CPU
		{9F081ACD-0A46-466A-951F-AEC7DF27E80F}.Release|x64.Build.0 = Release|Any CPU
		{9F081ACD-0A46-466A-951F-AEC7DF27E80F}.Release|x86.ActiveCfg = Release|Any CPU
		{9F081ACD-0A46-466A-951F-AEC7DF27E80F}.Release|x86.Build.0 = Release|Any CPU
		{FAAFAF0B-36C8-4390-AE6D-4126FDED5DB5}.Debug|Any CPU.ActiveCfg = Debug|Any CPU
		{FAAFAF0B-36C8-4390-AE6D-4126FDED5DB5}.Debug|Any CPU.Build.0 = Debug|Any CPU
		{FAAFAF0B-36C8-4390-AE6D-4126FDED5DB5}.Debug|ARM.ActiveCfg = Debug|Any CPU
		{FAAFAF0B-36C8-4390-AE6D-4126FDED5DB5}.Debug|ARM.Build.0 = Debug|Any CPU
		{FAAFAF0B-36C8-4390-AE6D-4126FDED5DB5}.Debug|iPhone.ActiveCfg = Debug|Any CPU
		{FAAFAF0B-36C8-4390-AE6D-4126FDED5DB5}.Debug|iPhone.Build.0 = Debug|Any CPU
		{FAAFAF0B-36C8-4390-AE6D-4126FDED5DB5}.Debug|iPhoneSimulator.ActiveCfg = Debug|Any CPU
		{FAAFAF0B-36C8-4390-AE6D-4126FDED5DB5}.Debug|iPhoneSimulator.Build.0 = Debug|Any CPU
		{FAAFAF0B-36C8-4390-AE6D-4126FDED5DB5}.Debug|x64.ActiveCfg = Debug|Any CPU
		{FAAFAF0B-36C8-4390-AE6D-4126FDED5DB5}.Debug|x64.Build.0 = Debug|Any CPU
		{FAAFAF0B-36C8-4390-AE6D-4126FDED5DB5}.Debug|x86.ActiveCfg = Debug|Any CPU
		{FAAFAF0B-36C8-4390-AE6D-4126FDED5DB5}.Debug|x86.Build.0 = Debug|Any CPU
		{FAAFAF0B-36C8-4390-AE6D-4126FDED5DB5}.Release|Any CPU.ActiveCfg = Release|Any CPU
		{FAAFAF0B-36C8-4390-AE6D-4126FDED5DB5}.Release|Any CPU.Build.0 = Release|Any CPU
		{FAAFAF0B-36C8-4390-AE6D-4126FDED5DB5}.Release|ARM.ActiveCfg = Release|Any CPU
		{FAAFAF0B-36C8-4390-AE6D-4126FDED5DB5}.Release|ARM.Build.0 = Release|Any CPU
		{FAAFAF0B-36C8-4390-AE6D-4126FDED5DB5}.Release|iPhone.ActiveCfg = Release|Any CPU
		{FAAFAF0B-36C8-4390-AE6D-4126FDED5DB5}.Release|iPhone.Build.0 = Release|Any CPU
		{FAAFAF0B-36C8-4390-AE6D-4126FDED5DB5}.Release|iPhoneSimulator.ActiveCfg = Release|Any CPU
		{FAAFAF0B-36C8-4390-AE6D-4126FDED5DB5}.Release|iPhoneSimulator.Build.0 = Release|Any CPU
		{FAAFAF0B-36C8-4390-AE6D-4126FDED5DB5}.Release|x64.ActiveCfg = Release|Any CPU
		{FAAFAF0B-36C8-4390-AE6D-4126FDED5DB5}.Release|x64.Build.0 = Release|Any CPU
		{FAAFAF0B-36C8-4390-AE6D-4126FDED5DB5}.Release|x86.ActiveCfg = Release|Any CPU
		{FAAFAF0B-36C8-4390-AE6D-4126FDED5DB5}.Release|x86.Build.0 = Release|Any CPU
		{67AE7803-8273-4B3A-A298-593B02BE0CEB}.Debug|Any CPU.ActiveCfg = Debug|Any CPU
		{67AE7803-8273-4B3A-A298-593B02BE0CEB}.Debug|Any CPU.Build.0 = Debug|Any CPU
		{67AE7803-8273-4B3A-A298-593B02BE0CEB}.Debug|Any CPU.Deploy.0 = Debug|Any CPU
		{67AE7803-8273-4B3A-A298-593B02BE0CEB}.Debug|ARM.ActiveCfg = Debug|Any CPU
		{67AE7803-8273-4B3A-A298-593B02BE0CEB}.Debug|ARM.Build.0 = Debug|Any CPU
		{67AE7803-8273-4B3A-A298-593B02BE0CEB}.Debug|ARM.Deploy.0 = Debug|Any CPU
		{67AE7803-8273-4B3A-A298-593B02BE0CEB}.Debug|iPhone.ActiveCfg = Debug|Any CPU
		{67AE7803-8273-4B3A-A298-593B02BE0CEB}.Debug|iPhone.Build.0 = Debug|Any CPU
		{67AE7803-8273-4B3A-A298-593B02BE0CEB}.Debug|iPhone.Deploy.0 = Debug|Any CPU
		{67AE7803-8273-4B3A-A298-593B02BE0CEB}.Debug|iPhoneSimulator.ActiveCfg = Debug|Any CPU
		{67AE7803-8273-4B3A-A298-593B02BE0CEB}.Debug|iPhoneSimulator.Build.0 = Debug|Any CPU
		{67AE7803-8273-4B3A-A298-593B02BE0CEB}.Debug|iPhoneSimulator.Deploy.0 = Debug|Any CPU
		{67AE7803-8273-4B3A-A298-593B02BE0CEB}.Debug|x64.ActiveCfg = Debug|Any CPU
		{67AE7803-8273-4B3A-A298-593B02BE0CEB}.Debug|x64.Build.0 = Debug|Any CPU
		{67AE7803-8273-4B3A-A298-593B02BE0CEB}.Debug|x64.Deploy.0 = Debug|Any CPU
		{67AE7803-8273-4B3A-A298-593B02BE0CEB}.Debug|x86.ActiveCfg = Debug|Any CPU
		{67AE7803-8273-4B3A-A298-593B02BE0CEB}.Debug|x86.Build.0 = Debug|Any CPU
		{67AE7803-8273-4B3A-A298-593B02BE0CEB}.Debug|x86.Deploy.0 = Debug|Any CPU
		{67AE7803-8273-4B3A-A298-593B02BE0CEB}.Release|Any CPU.ActiveCfg = Release|Any CPU
		{67AE7803-8273-4B3A-A298-593B02BE0CEB}.Release|Any CPU.Build.0 = Release|Any CPU
		{67AE7803-8273-4B3A-A298-593B02BE0CEB}.Release|Any CPU.Deploy.0 = Release|Any CPU
		{67AE7803-8273-4B3A-A298-593B02BE0CEB}.Release|ARM.ActiveCfg = Release|Any CPU
		{67AE7803-8273-4B3A-A298-593B02BE0CEB}.Release|ARM.Build.0 = Release|Any CPU
		{67AE7803-8273-4B3A-A298-593B02BE0CEB}.Release|ARM.Deploy.0 = Release|Any CPU
		{67AE7803-8273-4B3A-A298-593B02BE0CEB}.Release|iPhone.ActiveCfg = Release|Any CPU
		{67AE7803-8273-4B3A-A298-593B02BE0CEB}.Release|iPhone.Build.0 = Release|Any CPU
		{67AE7803-8273-4B3A-A298-593B02BE0CEB}.Release|iPhone.Deploy.0 = Release|Any CPU
		{67AE7803-8273-4B3A-A298-593B02BE0CEB}.Release|iPhoneSimulator.ActiveCfg = Release|Any CPU
		{67AE7803-8273-4B3A-A298-593B02BE0CEB}.Release|iPhoneSimulator.Build.0 = Release|Any CPU
		{67AE7803-8273-4B3A-A298-593B02BE0CEB}.Release|iPhoneSimulator.Deploy.0 = Release|Any CPU
		{67AE7803-8273-4B3A-A298-593B02BE0CEB}.Release|x64.ActiveCfg = Release|Any CPU
		{67AE7803-8273-4B3A-A298-593B02BE0CEB}.Release|x64.Build.0 = Release|Any CPU
		{67AE7803-8273-4B3A-A298-593B02BE0CEB}.Release|x64.Deploy.0 = Release|Any CPU
		{67AE7803-8273-4B3A-A298-593B02BE0CEB}.Release|x86.ActiveCfg = Release|Any CPU
		{67AE7803-8273-4B3A-A298-593B02BE0CEB}.Release|x86.Build.0 = Release|Any CPU
		{67AE7803-8273-4B3A-A298-593B02BE0CEB}.Release|x86.Deploy.0 = Release|Any CPU
		{DDCAD7BF-F176-46F9-AFC8-D3CC1B1A4D9D}.Debug|Any CPU.ActiveCfg = Debug|iPhone
		{DDCAD7BF-F176-46F9-AFC8-D3CC1B1A4D9D}.Debug|Any CPU.Build.0 = Debug|iPhone
		{DDCAD7BF-F176-46F9-AFC8-D3CC1B1A4D9D}.Debug|ARM.ActiveCfg = Debug|iPhone
		{DDCAD7BF-F176-46F9-AFC8-D3CC1B1A4D9D}.Debug|iPhone.ActiveCfg = Debug|iPhone
		{DDCAD7BF-F176-46F9-AFC8-D3CC1B1A4D9D}.Debug|iPhone.Build.0 = Debug|iPhone
		{DDCAD7BF-F176-46F9-AFC8-D3CC1B1A4D9D}.Debug|iPhone.Deploy.0 = Debug|iPhone
		{DDCAD7BF-F176-46F9-AFC8-D3CC1B1A4D9D}.Debug|iPhoneSimulator.ActiveCfg = Debug|iPhoneSimulator
		{DDCAD7BF-F176-46F9-AFC8-D3CC1B1A4D9D}.Debug|iPhoneSimulator.Build.0 = Debug|iPhoneSimulator
		{DDCAD7BF-F176-46F9-AFC8-D3CC1B1A4D9D}.Debug|iPhoneSimulator.Deploy.0 = Debug|iPhoneSimulator
		{DDCAD7BF-F176-46F9-AFC8-D3CC1B1A4D9D}.Debug|x64.ActiveCfg = Debug|iPhone
		{DDCAD7BF-F176-46F9-AFC8-D3CC1B1A4D9D}.Debug|x86.ActiveCfg = Debug|iPhone
		{DDCAD7BF-F176-46F9-AFC8-D3CC1B1A4D9D}.Release|Any CPU.ActiveCfg = Release|iPhone
		{DDCAD7BF-F176-46F9-AFC8-D3CC1B1A4D9D}.Release|ARM.ActiveCfg = Release|iPhone
		{DDCAD7BF-F176-46F9-AFC8-D3CC1B1A4D9D}.Release|iPhone.ActiveCfg = Release|iPhone
		{DDCAD7BF-F176-46F9-AFC8-D3CC1B1A4D9D}.Release|iPhone.Build.0 = Release|iPhone
		{DDCAD7BF-F176-46F9-AFC8-D3CC1B1A4D9D}.Release|iPhone.Deploy.0 = Release|iPhone
		{DDCAD7BF-F176-46F9-AFC8-D3CC1B1A4D9D}.Release|iPhoneSimulator.ActiveCfg = Release|iPhoneSimulator
		{DDCAD7BF-F176-46F9-AFC8-D3CC1B1A4D9D}.Release|iPhoneSimulator.Build.0 = Release|iPhoneSimulator
		{DDCAD7BF-F176-46F9-AFC8-D3CC1B1A4D9D}.Release|iPhoneSimulator.Deploy.0 = Release|iPhoneSimulator
		{DDCAD7BF-F176-46F9-AFC8-D3CC1B1A4D9D}.Release|x64.ActiveCfg = Release|iPhone
		{DDCAD7BF-F176-46F9-AFC8-D3CC1B1A4D9D}.Release|x86.ActiveCfg = Release|iPhone
	EndGlobalSection
	GlobalSection(SolutionProperties) = preSolution
		HideSolutionNode = FALSE
	EndGlobalSection
	GlobalSection(ExtensibilityGlobals) = postSolution
		SolutionGuid = {8B74E4E5-2FBA-4D53-A5F0-B42C46770163}
	EndGlobalSection
EndGlobal
